PODS:
  - Nimble (8.0.4)
  - Quick (2.1.0)

DEPENDENCIES:
  - Nimble
  - Quick

SPEC REPOS:
  https://github.com/cocoapods/specs.git:
    - Nimble
    - Quick

SPEC CHECKSUMS:
  Nimble: 18d5360282923225d62b09d781f63abc1a0111fc
  Quick: 4be43f6634acfa727dd106bdf3929ce125ffa79d

PODFILE CHECKSUM: 11db95240aa75724ebf7a6881b6c1729d3e4401b

COCOAPODS: 1.7.5
