PODS:
  - Nimble (8.0.4)
  - Quick (2.2.0)
  - SwiftFormat/CLI (0.40.13)

DEPENDENCIES:
  - Nimble
  - Quick
  - SwiftFormat/CLI

SPEC REPOS:
  https://github.com/CocoaPods/Specs.git:
    - Nimble
    - Quick
    - SwiftFormat

SPEC CHECKSUMS:
  Nimble: 18d5360282923225d62b09d781f63abc1a0111fc
  Quick: 7fb19e13be07b5dfb3b90d4f9824c855a11af40e
  SwiftFormat: d548b3585a6dbe64390177b386e95375b8c300b6

PODFILE CHECKSUM: 85361fbdf2bb24ba1e702a0d40affcb97308847c

COCOAPODS: 1.8.3
